
Microsoft Visual Studio Solution File, Format Version 12.00
# Visual Studio Version 17
VisualStudioVersion = 17.8.34525.116
MinimumVisualStudioVersion = 10.0.40219.1
Project("{FAE04EC0-301F-11D3-BF4B-00C04F79EFBC}") = "DataConvert", "DataConvert\DataConvert.csproj", "{E7C4E8D1-4699-4440-B794-ED5C9FA1D9DB}"
EndProject
Project("{FAE04EC0-301F-11D3-BF4B-00C04F79EFBC}") = "SwichCase", "SwichCase\SwichCase.csproj", "{75CBB358-46CD-4574-AAA5-0FFC7B4DF921}"
EndProject
Project("{FAE04EC0-301F-11D3-BF4B-00C04F79EFBC}") = "EnteredNumberSum", "EnteredNumberSum\EnteredNumberSum.csproj", "{98D885D1-67E4-4460-826F-7131DBF167F7}"
EndProject
Project("{FAE04EC0-301F-11D3-BF4B-00C04F79EFBC}") = "Arrays", "Arrays\Arrays.csproj", "{FB6162D9-ABDD-4CE4-94D6-0D835697EBE0}"
EndProject
Project("{FAE04EC0-301F-11D3-BF4B-00C04F79EFBC}") = "Methods", "Methods\Methods.csproj", "{61B4640D-C73A-4CBB-A949-0D2BD0E0367C}"
EndProject
Project("{FAE04EC0-301F-11D3-BF4B-00C04F79EFBC}") = "MethodsSamples", "MethodsSamples\MethodsSamples.csproj", "{8FB24C57-6A27-4395-B782-03F3236AE38E}"
EndProject
Project("{FAE04EC0-301F-11D3-BF4B-00C04F79EFBC}") = "ClassSamples", "ClassSamples\ClassSamples.csproj", "{B0B18A68-9FCF-4733-9101-CEE87497E227}"
EndProject
Project("{FAE04EC0-301F-11D3-BF4B-00C04F79EFBC}") = "ErisimBelirleyicileri", "ErisimBelirleyicileri\ErisimBelirleyicileri.csproj", "{5B4D0C0E-9C71-4103-9151-5875CE9EBF66}"
EndProject
Project("{FAE04EC0-301F-11D3-BF4B-00C04F79EFBC}") = "OgrenciUygulamasi", "OgrenciUygulamasi\OgrenciUygulamasi.csproj", "{DA59F86B-10E5-494B-B813-9C126C5E7814}"
EndProject
Project("{FAE04EC0-301F-11D3-BF4B-00C04F79EFBC}") = "Encapsulation", "Encapsulation\Encapsulation.csproj", "{416EBD6D-8FA2-4550-A115-BAFB3DE5DBF8}"
EndProject
Project("{FAE04EC0-301F-11D3-BF4B-00C04F79EFBC}") = "PropertiesKullanimiGetAndSetMethods", "PropertiesKullanimi\PropertiesKullanimiGetAndSetMethods.csproj", "{9B7C0766-36D6-4724-9BF8-7944EAA45BCE}"
EndProject
Project("{FAE04EC0-301F-11D3-BF4B-00C04F79EFBC}") = "PropertiesKullanimiGetAndSetMethodsSamples", "PropertiesKullanimiGetAndSetMethodsSamples\PropertiesKullanimiGetAndSetMethodsSamples.csproj", "{4DDF7557-0F0D-4506-A7A6-DD1DE9B9CA86}"
EndProject
Project("{FAE04EC0-301F-11D3-BF4B-00C04F79EFBC}") = "StaticMethodUsage", "StaticMethodUsage\StaticMethodUsage.csproj", "{40874570-083E-4593-B304-BE0818EBA7C6}"
EndProject
Project("{FAE04EC0-301F-11D3-BF4B-00C04F79EFBC}") = "StaticVariableUsage", "StaticVariableUsage\StaticVariableUsage.csproj", "{D928A4A0-1988-4633-8EE0-E6ED6FEB515A}"
EndProject
Project("{FAE04EC0-301F-11D3-BF4B-00C04F79EFBC}") = "StaticConstructorMethodUsage", "StaticConstructorMethodUsage\StaticConstructorMethodUsage.csproj", "{7B4018A3-21CC-4656-9C41-E17FA50B4C40}"
EndProject
Project("{FAE04EC0-301F-11D3-BF4B-00C04F79EFBC}") = "ArrayList", "ArrayList\ArrayList.csproj", "{F8DC956C-FAF3-4245-93D2-D96F4AAA4867}"
EndProject
Project("{FAE04EC0-301F-11D3-BF4B-00C04F79EFBC}") = "InheritanceSample", "InheritanceSample\InheritanceSample.csproj", "{C8D787C4-51EF-42C3-BA12-CAA142D4A8AA}"
EndProject
Project("{FAE04EC0-301F-11D3-BF4B-00C04F79EFBC}") = "IndexerSamples", "IndexerSamples\IndexerSamples.csproj", "{DE11914E-72DB-4ADB-9CD3-0705FA147F59}"
EndProject
Project("{FAE04EC0-301F-11D3-BF4B-00C04F79EFBC}") = "ListCollectionUsage", "ListCollectionUsage\ListCollectionUsage.csproj", "{71E37B6D-621B-4296-8D36-43448FCFD83D}"
EndProject
Project("{FAE04EC0-301F-11D3-BF4B-00C04F79EFBC}") = "InheritanceDeneme", "InheritanceDeneme\InheritanceDeneme.csproj", "{D4DB32F6-C6F3-437C-95B7-C257C5C7E9E4}"
EndProject
Project("{FAE04EC0-301F-11D3-BF4B-00C04F79EFBC}") = "VirtualAndOverride", "VirtualAndOverride\VirtualAndOverride.csproj", "{674A16A3-7AF8-41AB-959F-3332257F324B}"
EndProject
Project("{FAE04EC0-301F-11D3-BF4B-00C04F79EFBC}") = "Polimorfizm", "Polimorfizm\Polimorfizm.csproj", "{A91DD743-17C5-40FC-AC73-4BC2EF27FE06}"
EndProject
Project("{FAE04EC0-301F-11D3-BF4B-00C04F79EFBC}") = "AbstractClassSoyutSınıfYapısı", "AbstractClassSoyutSınıfYapısı\AbstractClassSoyutSınıfYapısı.csproj", "{D3A071C3-98C8-48B6-89DC-8AE84B420D18}"
EndProject
Global
	GlobalSection(SolutionConfigurationPlatforms) = preSolution
		Debug|Any CPU = Debug|Any CPU
		Release|Any CPU = Release|Any CPU
	EndGlobalSection
	GlobalSection(ProjectConfigurationPlatforms) = postSolution
		{E7C4E8D1-4699-4440-B794-ED5C9FA1D9DB}.Debug|Any CPU.ActiveCfg = Debug|Any CPU
		{E7C4E8D1-4699-4440-B794-ED5C9FA1D9DB}.Debug|Any CPU.Build.0 = Debug|Any CPU
		{E7C4E8D1-4699-4440-B794-ED5C9FA1D9DB}.Release|Any CPU.ActiveCfg = Release|Any CPU
		{E7C4E8D1-4699-4440-B794-ED5C9FA1D9DB}.Release|Any CPU.Build.0 = Release|Any CPU
		{75CBB358-46CD-4574-AAA5-0FFC7B4DF921}.Debug|Any CPU.ActiveCfg = Debug|Any CPU
		{75CBB358-46CD-4574-AAA5-0FFC7B4DF921}.Debug|Any CPU.Build.0 = Debug|Any CPU
		{75CBB358-46CD-4574-AAA5-0FFC7B4DF921}.Release|Any CPU.ActiveCfg = Release|Any CPU
		{75CBB358-46CD-4574-AAA5-0FFC7B4DF921}.Release|Any CPU.Build.0 = Release|Any CPU
		{98D885D1-67E4-4460-826F-7131DBF167F7}.Debug|Any CPU.ActiveCfg = Debug|Any CPU
		{98D885D1-67E4-4460-826F-7131DBF167F7}.Debug|Any CPU.Build.0 = Debug|Any CPU
		{98D885D1-67E4-4460-826F-7131DBF167F7}.Release|Any CPU.ActiveCfg = Release|Any CPU
		{98D885D1-67E4-4460-826F-7131DBF167F7}.Release|Any CPU.Build.0 = Release|Any CPU
		{FB6162D9-ABDD-4CE4-94D6-0D835697EBE0}.Debug|Any CPU.ActiveCfg = Debug|Any CPU
		{FB6162D9-ABDD-4CE4-94D6-0D835697EBE0}.Debug|Any CPU.Build.0 = Debug|Any CPU
		{FB6162D9-ABDD-4CE4-94D6-0D835697EBE0}.Release|Any CPU.ActiveCfg = Release|Any CPU
		{FB6162D9-ABDD-4CE4-94D6-0D835697EBE0}.Release|Any CPU.Build.0 = Release|Any CPU
		{61B4640D-C73A-4CBB-A949-0D2BD0E0367C}.Debug|Any CPU.ActiveCfg = Debug|Any CPU
		{61B4640D-C73A-4CBB-A949-0D2BD0E0367C}.Debug|Any CPU.Build.0 = Debug|Any CPU
		{61B4640D-C73A-4CBB-A949-0D2BD0E0367C}.Release|Any CPU.ActiveCfg = Release|Any CPU
		{61B4640D-C73A-4CBB-A949-0D2BD0E0367C}.Release|Any CPU.Build.0 = Release|Any CPU
		{8FB24C57-6A27-4395-B782-03F3236AE38E}.Debug|Any CPU.ActiveCfg = Debug|Any CPU
		{8FB24C57-6A27-4395-B782-03F3236AE38E}.Debug|Any CPU.Build.0 = Debug|Any CPU
		{8FB24C57-6A27-4395-B782-03F3236AE38E}.Release|Any CPU.ActiveCfg = Release|Any CPU
		{8FB24C57-6A27-4395-B782-03F3236AE38E}.Release|Any CPU.Build.0 = Release|Any CPU
		{B0B18A68-9FCF-4733-9101-CEE87497E227}.Debug|Any CPU.ActiveCfg = Debug|Any CPU
		{B0B18A68-9FCF-4733-9101-CEE87497E227}.Debug|Any CPU.Build.0 = Debug|Any CPU
		{B0B18A68-9FCF-4733-9101-CEE87497E227}.Release|Any CPU.ActiveCfg = Release|Any CPU
		{B0B18A68-9FCF-4733-9101-CEE87497E227}.Release|Any CPU.Build.0 = Release|Any CPU
		{5B4D0C0E-9C71-4103-9151-5875CE9EBF66}.Debug|Any CPU.ActiveCfg = Debug|Any CPU
		{5B4D0C0E-9C71-4103-9151-5875CE9EBF66}.Debug|Any CPU.Build.0 = Debug|Any CPU
		{5B4D0C0E-9C71-4103-9151-5875CE9EBF66}.Release|Any CPU.ActiveCfg = Release|Any CPU
		{5B4D0C0E-9C71-4103-9151-5875CE9EBF66}.Release|Any CPU.Build.0 = Release|Any CPU
		{DA59F86B-10E5-494B-B813-9C126C5E7814}.Debug|Any CPU.ActiveCfg = Debug|Any CPU
		{DA59F86B-10E5-494B-B813-9C126C5E7814}.Debug|Any CPU.Build.0 = Debug|Any CPU
		{DA59F86B-10E5-494B-B813-9C126C5E7814}.Release|Any CPU.ActiveCfg = Release|Any CPU
		{DA59F86B-10E5-494B-B813-9C126C5E7814}.Release|Any CPU.Build.0 = Release|Any CPU
		{416EBD6D-8FA2-4550-A115-BAFB3DE5DBF8}.Debug|Any CPU.ActiveCfg = Debug|Any CPU
		{416EBD6D-8FA2-4550-A115-BAFB3DE5DBF8}.Debug|Any CPU.Build.0 = Debug|Any CPU
		{416EBD6D-8FA2-4550-A115-BAFB3DE5DBF8}.Release|Any CPU.ActiveCfg = Release|Any CPU
		{416EBD6D-8FA2-4550-A115-BAFB3DE5DBF8}.Release|Any CPU.Build.0 = Release|Any CPU
		{9B7C0766-36D6-4724-9BF8-7944EAA45BCE}.Debug|Any CPU.ActiveCfg = Debug|Any CPU
		{9B7C0766-36D6-4724-9BF8-7944EAA45BCE}.Debug|Any CPU.Build.0 = Debug|Any CPU
		{9B7C0766-36D6-4724-9BF8-7944EAA45BCE}.Release|Any CPU.ActiveCfg = Release|Any CPU
		{9B7C0766-36D6-4724-9BF8-7944EAA45BCE}.Release|Any CPU.Build.0 = Release|Any CPU
		{4DDF7557-0F0D-4506-A7A6-DD1DE9B9CA86}.Debug|Any CPU.ActiveCfg = Debug|Any CPU
		{4DDF7557-0F0D-4506-A7A6-DD1DE9B9CA86}.Debug|Any CPU.Build.0 = Debug|Any CPU
		{4DDF7557-0F0D-4506-A7A6-DD1DE9B9CA86}.Release|Any CPU.ActiveCfg = Release|Any CPU
		{4DDF7557-0F0D-4506-A7A6-DD1DE9B9CA86}.Release|Any CPU.Build.0 = Release|Any CPU
		{40874570-083E-4593-B304-BE0818EBA7C6}.Debug|Any CPU.ActiveCfg = Debug|Any CPU
		{40874570-083E-4593-B304-BE0818EBA7C6}.Debug|Any CPU.Build.0 = Debug|Any CPU
		{40874570-083E-4593-B304-BE0818EBA7C6}.Release|Any CPU.ActiveCfg = Release|Any CPU
		{40874570-083E-4593-B304-BE0818EBA7C6}.Release|Any CPU.Build.0 = Release|Any CPU
		{D928A4A0-1988-4633-8EE0-E6ED6FEB515A}.Debug|Any CPU.ActiveCfg = Debug|Any CPU
		{D928A4A0-1988-4633-8EE0-E6ED6FEB515A}.Debug|Any CPU.Build.0 = Debug|Any CPU
		{D928A4A0-1988-4633-8EE0-E6ED6FEB515A}.Release|Any CPU.ActiveCfg = Release|Any CPU
		{D928A4A0-1988-4633-8EE0-E6ED6FEB515A}.Release|Any CPU.Build.0 = Release|Any CPU
		{7B4018A3-21CC-4656-9C41-E17FA50B4C40}.Debug|Any CPU.ActiveCfg = Debug|Any CPU
		{7B4018A3-21CC-4656-9C41-E17FA50B4C40}.Debug|Any CPU.Build.0 = Debug|Any CPU
		{7B4018A3-21CC-4656-9C41-E17FA50B4C40}.Release|Any CPU.ActiveCfg = Release|Any CPU
		{7B4018A3-21CC-4656-9C41-E17FA50B4C40}.Release|Any CPU.Build.0 = Release|Any CPU
		{F8DC956C-FAF3-4245-93D2-D96F4AAA4867}.Debug|Any CPU.ActiveCfg = Debug|Any CPU
		{F8DC956C-FAF3-4245-93D2-D96F4AAA4867}.Debug|Any CPU.Build.0 = Debug|Any CPU
		{F8DC956C-FAF3-4245-93D2-D96F4AAA4867}.Release|Any CPU.ActiveCfg = Release|Any CPU
		{F8DC956C-FAF3-4245-93D2-D96F4AAA4867}.Release|Any CPU.Build.0 = Release|Any CPU
		{C8D787C4-51EF-42C3-BA12-CAA142D4A8AA}.Debug|Any CPU.ActiveCfg = Debug|Any CPU
		{C8D787C4-51EF-42C3-BA12-CAA142D4A8AA}.Debug|Any CPU.Build.0 = Debug|Any CPU
		{C8D787C4-51EF-42C3-BA12-CAA142D4A8AA}.Release|Any CPU.ActiveCfg = Release|Any CPU
		{C8D787C4-51EF-42C3-BA12-CAA142D4A8AA}.Release|Any CPU.Build.0 = Release|Any CPU
		{DE11914E-72DB-4ADB-9CD3-0705FA147F59}.Debug|Any CPU.ActiveCfg = Debug|Any CPU
		{DE11914E-72DB-4ADB-9CD3-0705FA147F59}.Debug|Any CPU.Build.0 = Debug|Any CPU
		{DE11914E-72DB-4ADB-9CD3-0705FA147F59}.Release|Any CPU.ActiveCfg = Release|Any CPU
		{DE11914E-72DB-4ADB-9CD3-0705FA147F59}.Release|Any CPU.Build.0 = Release|Any CPU
		{71E37B6D-621B-4296-8D36-43448FCFD83D}.Debug|Any CPU.ActiveCfg = Debug|Any CPU
		{71E37B6D-621B-4296-8D36-43448FCFD83D}.Debug|Any CPU.Build.0 = Debug|Any CPU
		{71E37B6D-621B-4296-8D36-43448FCFD83D}.Release|Any CPU.ActiveCfg = Release|Any CPU
		{71E37B6D-621B-4296-8D36-43448FCFD83D}.Release|Any CPU.Build.0 = Release|Any CPU
		{D4DB32F6-C6F3-437C-95B7-C257C5C7E9E4}.Debug|Any CPU.ActiveCfg = Debug|Any CPU
		{D4DB32F6-C6F3-437C-95B7-C257C5C7E9E4}.Debug|Any CPU.Build.0 = Debug|Any CPU
		{D4DB32F6-C6F3-437C-95B7-C257C5C7E9E4}.Release|Any CPU.ActiveCfg = Release|Any CPU
		{D4DB32F6-C6F3-437C-95B7-C257C5C7E9E4}.Release|Any CPU.Build.0 = Release|Any CPU
		{674A16A3-7AF8-41AB-959F-3332257F324B}.Debug|Any CPU.ActiveCfg = Debug|Any CPU
		{674A16A3-7AF8-41AB-959F-3332257F324B}.Debug|Any CPU.Build.0 = Debug|Any CPU
		{674A16A3-7AF8-41AB-959F-3332257F324B}.Release|Any CPU.ActiveCfg = Release|Any CPU
		{674A16A3-7AF8-41AB-959F-3332257F324B}.Release|Any CPU.Build.0 = Release|Any CPU
		{A91DD743-17C5-40FC-AC73-4BC2EF27FE06}.Debug|Any CPU.ActiveCfg = Debug|Any CPU
		{A91DD743-17C5-40FC-AC73-4BC2EF27FE06}.Debug|Any CPU.Build.0 = Debug|Any CPU
		{A91DD743-17C5-40FC-AC73-4BC2EF27FE06}.Release|Any CPU.ActiveCfg = Release|Any CPU
		{A91DD743-17C5-40FC-AC73-4BC2EF27FE06}.Release|Any CPU.Build.0 = Release|Any CPU
		{D3A071C3-98C8-48B6-89DC-8AE84B420D18}.Debug|Any CPU.ActiveCfg = Debug|Any CPU
		{D3A071C3-98C8-48B6-89DC-8AE84B420D18}.Debug|Any CPU.Build.0 = Debug|Any CPU
		{D3A071C3-98C8-48B6-89DC-8AE84B420D18}.Release|Any CPU.ActiveCfg = Release|Any CPU
		{D3A071C3-98C8-48B6-89DC-8AE84B420D18}.Release|Any CPU.Build.0 = Release|Any CPU
	EndGlobalSection
	GlobalSection(SolutionProperties) = preSolution
		HideSolutionNode = FALSE
	EndGlobalSection
	GlobalSection(ExtensibilityGlobals) = postSolution
		SolutionGuid = {D3C077C3-D763-4198-8AE2-93AB338E4CCD}
	EndGlobalSection
EndGlobal
