
Microsoft Visual Studio Solution File, Format Version 12.00
# Visual Studio Version 17
VisualStudioVersion = 17.8.34525.116
MinimumVisualStudioVersion = 10.0.40219.1
Project("{FAE04EC0-301F-11D3-BF4B-00C04F79EFBC}") = "DataConvert", "DataConvert\DataConvert.csproj", "{E7C4E8D1-4699-4440-B794-ED5C9FA1D9DB}"
EndProject
Project("{FAE04EC0-301F-11D3-BF4B-00C04F79EFBC}") = "SwichCase", "SwichCase\SwichCase.csproj", "{75CBB358-46CD-4574-AAA5-0FFC7B4DF921}"
EndProject
Project("{FAE04EC0-301F-11D3-BF4B-00C04F79EFBC}") = "EnteredNumberSum", "EnteredNumberSum\EnteredNumberSum.csproj", "{98D885D1-67E4-4460-826F-7131DBF167F7}"
EndProject
Global
	GlobalSection(SolutionConfigurationPlatforms) = preSolution
		Debug|Any CPU = Debug|Any CPU
		Release|Any CPU = Release|Any CPU
	EndGlobalSection
	GlobalSection(ProjectConfigurationPlatforms) = postSolution
		{E7C4E8D1-4699-4440-B794-ED5C9FA1D9DB}.Debug|Any CPU.ActiveCfg = Debug|Any CPU
		{E7C4E8D1-4699-4440-B794-ED5C9FA1D9DB}.Debug|Any CPU.Build.0 = Debug|Any CPU
		{E7C4E8D1-4699-4440-B794-ED5C9FA1D9DB}.Release|Any CPU.ActiveCfg = Release|Any CPU
		{E7C4E8D1-4699-4440-B794-ED5C9FA1D9DB}.Release|Any CPU.Build.0 = Release|Any CPU
		{75CBB358-46CD-4574-AAA5-0FFC7B4DF921}.Debug|Any CPU.ActiveCfg = Debug|Any CPU
		{75CBB358-46CD-4574-AAA5-0FFC7B4DF921}.Debug|Any CPU.Build.0 = Debug|Any CPU
		{75CBB358-46CD-4574-AAA5-0FFC7B4DF921}.Release|Any CPU.ActiveCfg = Release|Any CPU
		{75CBB358-46CD-4574-AAA5-0FFC7B4DF921}.Release|Any CPU.Build.0 = Release|Any CPU
		{98D885D1-67E4-4460-826F-7131DBF167F7}.Debug|Any CPU.ActiveCfg = Debug|Any CPU
		{98D885D1-67E4-4460-826F-7131DBF167F7}.Debug|Any CPU.Build.0 = Debug|Any CPU
		{98D885D1-67E4-4460-826F-7131DBF167F7}.Release|Any CPU.ActiveCfg = Release|Any CPU
		{98D885D1-67E4-4460-826F-7131DBF167F7}.Release|Any CPU.Build.0 = Release|Any CPU
	EndGlobalSection
	GlobalSection(SolutionProperties) = preSolution
		HideSolutionNode = FALSE
	EndGlobalSection
	GlobalSection(ExtensibilityGlobals) = postSolution
		SolutionGuid = {D3C077C3-D763-4198-8AE2-93AB338E4CCD}
	EndGlobalSection
EndGlobal
